
Microsoft Visual Studio Solution File, Format Version 12.00
# Visual Studio Version 17
VisualStudioVersion = 17.0.32014.148
MinimumVisualStudioVersion = 10.0.40219.1
Project("{9A19103F-16F7-4668-BE54-9A1E7A4F7556}") = "CitrusWeb.Api", "TestPet\CitrusWeb.Api.csproj", "{129D13E7-263E-4583-AAF6-228EC03ABC7F}"
EndProject
Project("{2150E333-8FDC-42A3-9474-1A3956D46DE8}") = "CitrusWeb", "CitrusWeb", "{BB3D2E3C-1051-4BCB-BCD5-D22D237ED702}"
EndProject
Project("{2150E333-8FDC-42A3-9474-1A3956D46DE8}") = "Core", "Core", "{E48D2BF3-A197-41C7-AFBD-6AE1DB841B20}"
EndProject
Project("{2150E333-8FDC-42A3-9474-1A3956D46DE8}") = "DataAccess", "DataAccess", "{E728A470-0354-47CF-B954-3C34C70EC7A8}"
EndProject
Project("{FAE04EC0-301F-11D3-BF4B-00C04F79EFBC}") = "CitrusWeb.DataAccess", "CitrusWeb.DataAccess\CitrusWeb.DataAccess.csproj", "{30CD0092-08B7-4C69-91EE-5637D855C984}"
EndProject
Project("{FAE04EC0-301F-11D3-BF4B-00C04F79EFBC}") = "CitrusWeb.Shared", "CitrusWeb.Shared\CitrusWeb.Shared.csproj", "{69C11A51-10BA-4644-A7E6-BFFBC9AEE7BA}"
EndProject
Project("{2150E333-8FDC-42A3-9474-1A3956D46DE8}") = "Services", "Services", "{8EE0381E-D6A1-4403-84BF-EBEC90923E2F}"
EndProject
Project("{FAE04EC0-301F-11D3-BF4B-00C04F79EFBC}") = "Services", "PresentationService\Services.csproj", "{658B62A5-219D-46C6-86BF-E79E8E5CB150}"
EndProject
Global
	GlobalSection(SolutionConfigurationPlatforms) = preSolution
		Debug|Any CPU = Debug|Any CPU
		Release|Any CPU = Release|Any CPU
	EndGlobalSection
	GlobalSection(ProjectConfigurationPlatforms) = postSolution
		{129D13E7-263E-4583-AAF6-228EC03ABC7F}.Debug|Any CPU.ActiveCfg = Debug|Any CPU
		{129D13E7-263E-4583-AAF6-228EC03ABC7F}.Debug|Any CPU.Build.0 = Debug|Any CPU
		{129D13E7-263E-4583-AAF6-228EC03ABC7F}.Release|Any CPU.ActiveCfg = Release|Any CPU
		{129D13E7-263E-4583-AAF6-228EC03ABC7F}.Release|Any CPU.Build.0 = Release|Any CPU
		{30CD0092-08B7-4C69-91EE-5637D855C984}.Debug|Any CPU.ActiveCfg = Debug|Any CPU
		{30CD0092-08B7-4C69-91EE-5637D855C984}.Debug|Any CPU.Build.0 = Debug|Any CPU
		{30CD0092-08B7-4C69-91EE-5637D855C984}.Release|Any CPU.ActiveCfg = Release|Any CPU
		{30CD0092-08B7-4C69-91EE-5637D855C984}.Release|Any CPU.Build.0 = Release|Any CPU
		{69C11A51-10BA-4644-A7E6-BFFBC9AEE7BA}.Debug|Any CPU.ActiveCfg = Debug|Any CPU
		{69C11A51-10BA-4644-A7E6-BFFBC9AEE7BA}.Debug|Any CPU.Build.0 = Debug|Any CPU
		{69C11A51-10BA-4644-A7E6-BFFBC9AEE7BA}.Release|Any CPU.ActiveCfg = Release|Any CPU
		{69C11A51-10BA-4644-A7E6-BFFBC9AEE7BA}.Release|Any CPU.Build.0 = Release|Any CPU
		{658B62A5-219D-46C6-86BF-E79E8E5CB150}.Debug|Any CPU.ActiveCfg = Debug|Any CPU
		{658B62A5-219D-46C6-86BF-E79E8E5CB150}.Debug|Any CPU.Build.0 = Debug|Any CPU
		{658B62A5-219D-46C6-86BF-E79E8E5CB150}.Release|Any CPU.ActiveCfg = Release|Any CPU
		{658B62A5-219D-46C6-86BF-E79E8E5CB150}.Release|Any CPU.Build.0 = Release|Any CPU
	EndGlobalSection
	GlobalSection(SolutionProperties) = preSolution
		HideSolutionNode = FALSE
	EndGlobalSection
	GlobalSection(NestedProjects) = preSolution
		{129D13E7-263E-4583-AAF6-228EC03ABC7F} = {BB3D2E3C-1051-4BCB-BCD5-D22D237ED702}
		{E48D2BF3-A197-41C7-AFBD-6AE1DB841B20} = {BB3D2E3C-1051-4BCB-BCD5-D22D237ED702}
		{E728A470-0354-47CF-B954-3C34C70EC7A8} = {E48D2BF3-A197-41C7-AFBD-6AE1DB841B20}
		{30CD0092-08B7-4C69-91EE-5637D855C984} = {E728A470-0354-47CF-B954-3C34C70EC7A8}
		{69C11A51-10BA-4644-A7E6-BFFBC9AEE7BA} = {BB3D2E3C-1051-4BCB-BCD5-D22D237ED702}
		{8EE0381E-D6A1-4403-84BF-EBEC90923E2F} = {E48D2BF3-A197-41C7-AFBD-6AE1DB841B20}
		{658B62A5-219D-46C6-86BF-E79E8E5CB150} = {8EE0381E-D6A1-4403-84BF-EBEC90923E2F}
	EndGlobalSection
	GlobalSection(ExtensibilityGlobals) = postSolution
		SolutionGuid = {1651EF1F-A2E9-46D4-B05C-155EB89C3EBA}
	EndGlobalSection
EndGlobal
